// !$*UTF8*$!
{
	archiveVersion = 1;
	classes = {
	};
	objectVersion = 50;
	objects = {

/* Begin PBXBuildFile section */
		4D30DAAF24BE421A008B08EB /* colorScheme.swift in Sources */ = {isa = PBXBuildFile; fileRef = 4D30DAAE24BE421A008B08EB /* colorScheme.swift */; };
		4D6F8D9E24C0BEC8009C7409 /* FashionViewController.swift in Sources */ = {isa = PBXBuildFile; fileRef = 4D6F8D9D24C0BEC8009C7409 /* FashionViewController.swift */; };
		DB0CA3A024BF639100C4A9B5 /* BadgesViewController.swift in Sources */ = {isa = PBXBuildFile; fileRef = DB0CA39F24BF639100C4A9B5 /* BadgesViewController.swift */; };
		DB262F7324BFB5B600F7305C /* TimerViewController.swift in Sources */ = {isa = PBXBuildFile; fileRef = DB262F7224BFB5B600F7305C /* TimerViewController.swift */; };
		DB89ACA024C0ADAE003C5EDD /* ReuseViewController.swift in Sources */ = {isa = PBXBuildFile; fileRef = DB89AC9F24C0ADAE003C5EDD /* ReuseViewController.swift */; };
		DBB95B7924BE32440039EF61 /* AppDelegate.swift in Sources */ = {isa = PBXBuildFile; fileRef = DBB95B7824BE32440039EF61 /* AppDelegate.swift */; };
		DBB95B7B24BE32440039EF61 /* SceneDelegate.swift in Sources */ = {isa = PBXBuildFile; fileRef = DBB95B7A24BE32440039EF61 /* SceneDelegate.swift */; };
		DBB95B7D24BE32440039EF61 /* ViewController.swift in Sources */ = {isa = PBXBuildFile; fileRef = DBB95B7C24BE32440039EF61 /* ViewController.swift */; };
		DBB95B8024BE32440039EF61 /* Main.storyboard in Resources */ = {isa = PBXBuildFile; fileRef = DBB95B7E24BE32440039EF61 /* Main.storyboard */; };
		DBB95B8324BE32440039EF61 /* EarthDayThreeSixtyFive.xcdatamodeld in Sources */ = {isa = PBXBuildFile; fileRef = DBB95B8124BE32440039EF61 /* EarthDayThreeSixtyFive.xcdatamodeld */; };
		DBB95B8524BE324B0039EF61 /* Assets.xcassets in Resources */ = {isa = PBXBuildFile; fileRef = DBB95B8424BE324B0039EF61 /* Assets.xcassets */; };
		DBB95B8824BE324B0039EF61 /* LaunchScreen.storyboard in Resources */ = {isa = PBXBuildFile; fileRef = DBB95B8624BE324B0039EF61 /* LaunchScreen.storyboard */; };
		DBB95B9324BE324C0039EF61 /* EarthDayThreeSixtyFiveTests.swift in Sources */ = {isa = PBXBuildFile; fileRef = DBB95B9224BE324C0039EF61 /* EarthDayThreeSixtyFiveTests.swift */; };
		DBB95B9E24BE324C0039EF61 /* EarthDayThreeSixtyFiveUITests.swift in Sources */ = {isa = PBXBuildFile; fileRef = DBB95B9D24BE324C0039EF61 /* EarthDayThreeSixtyFiveUITests.swift */; };
		DBB95BAC24BE34EE0039EF61 /* secondViewController.swift in Sources */ = {isa = PBXBuildFile; fileRef = DBB95BAB24BE34EE0039EF61 /* secondViewController.swift */; };
		DBD3710B24BFF4A00099D628 /* DeleteLater.swift in Sources */ = {isa = PBXBuildFile; fileRef = DBD3710A24BFF4A00099D628 /* DeleteLater.swift */; };
/* End PBXBuildFile section */

/* Begin PBXContainerItemProxy section */
		DBB95B8F24BE324C0039EF61 /* PBXContainerItemProxy */ = {
			isa = PBXContainerItemProxy;
			containerPortal = DBB95B6D24BE32440039EF61 /* Project object */;
			proxyType = 1;
			remoteGlobalIDString = DBB95B7424BE32440039EF61;
			remoteInfo = EarthDayThreeSixtyFive;
		};
		DBB95B9A24BE324C0039EF61 /* PBXContainerItemProxy */ = {
			isa = PBXContainerItemProxy;
			containerPortal = DBB95B6D24BE32440039EF61 /* Project object */;
			proxyType = 1;
			remoteGlobalIDString = DBB95B7424BE32440039EF61;
			remoteInfo = EarthDayThreeSixtyFive;
		};
/* End PBXContainerItemProxy section */

/* Begin PBXFileReference section */
		4D30DAAE24BE421A008B08EB /* colorScheme.swift */ = {isa = PBXFileReference; lastKnownFileType = sourcecode.swift; path = colorScheme.swift; sourceTree = "<group>"; };
		4D6F8D9D24C0BEC8009C7409 /* FashionViewController.swift */ = {isa = PBXFileReference; lastKnownFileType = sourcecode.swift; path = FashionViewController.swift; sourceTree = "<group>"; };
		DB0CA39F24BF639100C4A9B5 /* BadgesViewController.swift */ = {isa = PBXFileReference; lastKnownFileType = sourcecode.swift; path = BadgesViewController.swift; sourceTree = "<group>"; };
		DB262F7224BFB5B600F7305C /* TimerViewController.swift */ = {isa = PBXFileReference; lastKnownFileType = sourcecode.swift; name = TimerViewController.swift; path = ../TimerViewController.swift; sourceTree = "<group>"; };
		DB89AC9F24C0ADAE003C5EDD /* ReuseViewController.swift */ = {isa = PBXFileReference; lastKnownFileType = sourcecode.swift; path = ReuseViewController.swift; sourceTree = "<group>"; };
		DBB95B7524BE32440039EF61 /* EarthDay365.app */ = {isa = PBXFileReference; explicitFileType = wrapper.application; includeInIndex = 0; path = EarthDay365.app; sourceTree = BUILT_PRODUCTS_DIR; };
		DBB95B7824BE32440039EF61 /* AppDelegate.swift */ = {isa = PBXFileReference; lastKnownFileType = sourcecode.swift; path = AppDelegate.swift; sourceTree = "<group>"; };
		DBB95B7A24BE32440039EF61 /* SceneDelegate.swift */ = {isa = PBXFileReference; lastKnownFileType = sourcecode.swift; path = SceneDelegate.swift; sourceTree = "<group>"; };
		DBB95B7C24BE32440039EF61 /* ViewController.swift */ = {isa = PBXFileReference; lastKnownFileType = sourcecode.swift; path = ViewController.swift; sourceTree = "<group>"; };
		DBB95B7F24BE32440039EF61 /* Base */ = {isa = PBXFileReference; lastKnownFileType = file.storyboard; name = Base; path = Base.lproj/Main.storyboard; sourceTree = "<group>"; };
		DBB95B8224BE32440039EF61 /* EarthDayThreeSixtyFive.xcdatamodel */ = {isa = PBXFileReference; lastKnownFileType = wrapper.xcdatamodel; path = EarthDayThreeSixtyFive.xcdatamodel; sourceTree = "<group>"; };
		DBB95B8424BE324B0039EF61 /* Assets.xcassets */ = {isa = PBXFileReference; lastKnownFileType = folder.assetcatalog; path = Assets.xcassets; sourceTree = "<group>"; };
		DBB95B8724BE324B0039EF61 /* Base */ = {isa = PBXFileReference; lastKnownFileType = file.storyboard; name = Base; path = Base.lproj/LaunchScreen.storyboard; sourceTree = "<group>"; };
		DBB95B8924BE324B0039EF61 /* Info.plist */ = {isa = PBXFileReference; lastKnownFileType = text.plist.xml; path = Info.plist; sourceTree = "<group>"; };
		DBB95B8E24BE324B0039EF61 /* EarthDayThreeSixtyFiveTests.xctest */ = {isa = PBXFileReference; explicitFileType = wrapper.cfbundle; includeInIndex = 0; path = EarthDayThreeSixtyFiveTests.xctest; sourceTree = BUILT_PRODUCTS_DIR; };
		DBB95B9224BE324C0039EF61 /* EarthDayThreeSixtyFiveTests.swift */ = {isa = PBXFileReference; lastKnownFileType = sourcecode.swift; path = EarthDayThreeSixtyFiveTests.swift; sourceTree = "<group>"; };
		DBB95B9424BE324C0039EF61 /* Info.plist */ = {isa = PBXFileReference; lastKnownFileType = text.plist.xml; path = Info.plist; sourceTree = "<group>"; };
		DBB95B9924BE324C0039EF61 /* EarthDayThreeSixtyFiveUITests.xctest */ = {isa = PBXFileReference; explicitFileType = wrapper.cfbundle; includeInIndex = 0; path = EarthDayThreeSixtyFiveUITests.xctest; sourceTree = BUILT_PRODUCTS_DIR; };
		DBB95B9D24BE324C0039EF61 /* EarthDayThreeSixtyFiveUITests.swift */ = {isa = PBXFileReference; lastKnownFileType = sourcecode.swift; path = EarthDayThreeSixtyFiveUITests.swift; sourceTree = "<group>"; };
		DBB95B9F24BE324C0039EF61 /* Info.plist */ = {isa = PBXFileReference; lastKnownFileType = text.plist.xml; path = Info.plist; sourceTree = "<group>"; };
		DBB95BAB24BE34EE0039EF61 /* secondViewController.swift */ = {isa = PBXFileReference; lastKnownFileType = sourcecode.swift; path = secondViewController.swift; sourceTree = "<group>"; };
		DBD3710A24BFF4A00099D628 /* DeleteLater.swift */ = {isa = PBXFileReference; lastKnownFileType = sourcecode.swift; path = DeleteLater.swift; sourceTree = "<group>"; };
/* End PBXFileReference section */

/* Begin PBXFrameworksBuildPhase section */
		DBB95B7224BE32440039EF61 /* Frameworks */ = {
			isa = PBXFrameworksBuildPhase;
			buildActionMask = 2147483647;
			files = (
			);
			runOnlyForDeploymentPostprocessing = 0;
		};
		DBB95B8B24BE324B0039EF61 /* Frameworks */ = {
			isa = PBXFrameworksBuildPhase;
			buildActionMask = 2147483647;
			files = (
			);
			runOnlyForDeploymentPostprocessing = 0;
		};
		DBB95B9624BE324C0039EF61 /* Frameworks */ = {
			isa = PBXFrameworksBuildPhase;
			buildActionMask = 2147483647;
			files = (
			);
			runOnlyForDeploymentPostprocessing = 0;
		};
/* End PBXFrameworksBuildPhase section */

/* Begin PBXGroup section */
		DBB95B6C24BE32440039EF61 = {
			isa = PBXGroup;
			children = (
				DBB95B7724BE32440039EF61 /* EarthDayThreeSixtyFive */,
				DBB95B9124BE324C0039EF61 /* EarthDayThreeSixtyFiveTests */,
				DBB95B9C24BE324C0039EF61 /* EarthDayThreeSixtyFiveUITests */,
				DBB95B7624BE32440039EF61 /* Products */,
			);
			sourceTree = "<group>";
		};
		DBB95B7624BE32440039EF61 /* Products */ = {
			isa = PBXGroup;
			children = (
				DBB95B7524BE32440039EF61 /* EarthDay365.app */,
				DBB95B8E24BE324B0039EF61 /* EarthDayThreeSixtyFiveTests.xctest */,
				DBB95B9924BE324C0039EF61 /* EarthDayThreeSixtyFiveUITests.xctest */,
			);
			name = Products;
			sourceTree = "<group>";
		};
		DBB95B7724BE32440039EF61 /* EarthDayThreeSixtyFive */ = {
			isa = PBXGroup;
			children = (
				DBB95B7824BE32440039EF61 /* AppDelegate.swift */,
				DBB95B7A24BE32440039EF61 /* SceneDelegate.swift */,
				DBB95B7C24BE32440039EF61 /* ViewController.swift */,
				DB262F7224BFB5B600F7305C /* TimerViewController.swift */,
				DBB95BAB24BE34EE0039EF61 /* secondViewController.swift */,
				4D6F8D9D24C0BEC8009C7409 /* FashionViewController.swift */,
				DB89AC9F24C0ADAE003C5EDD /* ReuseViewController.swift */,
				DB0CA39F24BF639100C4A9B5 /* BadgesViewController.swift */,
				4D30DAAE24BE421A008B08EB /* colorScheme.swift */,
				DBD3710A24BFF4A00099D628 /* DeleteLater.swift */,
				DBB95B7E24BE32440039EF61 /* Main.storyboard */,
				DBB95B8424BE324B0039EF61 /* Assets.xcassets */,
				DBB95B8624BE324B0039EF61 /* LaunchScreen.storyboard */,
				DBB95B8924BE324B0039EF61 /* Info.plist */,
				DBB95B8124BE32440039EF61 /* EarthDayThreeSixtyFive.xcdatamodeld */,
			);
			path = EarthDayThreeSixtyFive;
			sourceTree = "<group>";
		};
		DBB95B9124BE324C0039EF61 /* EarthDayThreeSixtyFiveTests */ = {
			isa = PBXGroup;
			children = (
				DBB95B9224BE324C0039EF61 /* EarthDayThreeSixtyFiveTests.swift */,
				DBB95B9424BE324C0039EF61 /* Info.plist */,
			);
			path = EarthDayThreeSixtyFiveTests;
			sourceTree = "<group>";
		};
		DBB95B9C24BE324C0039EF61 /* EarthDayThreeSixtyFiveUITests */ = {
			isa = PBXGroup;
			children = (
				DBB95B9D24BE324C0039EF61 /* EarthDayThreeSixtyFiveUITests.swift */,
				DBB95B9F24BE324C0039EF61 /* Info.plist */,
			);
			path = EarthDayThreeSixtyFiveUITests;
			sourceTree = "<group>";
		};
/* End PBXGroup section */

/* Begin PBXNativeTarget section */
		DBB95B7424BE32440039EF61 /* EarthDayThreeSixtyFive */ = {
			isa = PBXNativeTarget;
			buildConfigurationList = DBB95BA224BE324C0039EF61 /* Build configuration list for PBXNativeTarget "EarthDayThreeSixtyFive" */;
			buildPhases = (
				DBB95B7124BE32440039EF61 /* Sources */,
				DBB95B7224BE32440039EF61 /* Frameworks */,
				DBB95B7324BE32440039EF61 /* Resources */,
			);
			buildRules = (
			);
			dependencies = (
			);
			name = EarthDayThreeSixtyFive;
			productName = EarthDayThreeSixtyFive;
			productReference = DBB95B7524BE32440039EF61 /* EarthDay365.app */;
			productType = "com.apple.product-type.application";
		};
		DBB95B8D24BE324B0039EF61 /* EarthDayThreeSixtyFiveTests */ = {
			isa = PBXNativeTarget;
			buildConfigurationList = DBB95BA524BE324C0039EF61 /* Build configuration list for PBXNativeTarget "EarthDayThreeSixtyFiveTests" */;
			buildPhases = (
				DBB95B8A24BE324B0039EF61 /* Sources */,
				DBB95B8B24BE324B0039EF61 /* Frameworks */,
				DBB95B8C24BE324B0039EF61 /* Resources */,
			);
			buildRules = (
			);
			dependencies = (
				DBB95B9024BE324C0039EF61 /* PBXTargetDependency */,
			);
			name = EarthDayThreeSixtyFiveTests;
			productName = EarthDayThreeSixtyFiveTests;
			productReference = DBB95B8E24BE324B0039EF61 /* EarthDayThreeSixtyFiveTests.xctest */;
			productType = "com.apple.product-type.bundle.unit-test";
		};
		DBB95B9824BE324C0039EF61 /* EarthDayThreeSixtyFiveUITests */ = {
			isa = PBXNativeTarget;
			buildConfigurationList = DBB95BA824BE324C0039EF61 /* Build configuration list for PBXNativeTarget "EarthDayThreeSixtyFiveUITests" */;
			buildPhases = (
				DBB95B9524BE324C0039EF61 /* Sources */,
				DBB95B9624BE324C0039EF61 /* Frameworks */,
				DBB95B9724BE324C0039EF61 /* Resources */,
			);
			buildRules = (
			);
			dependencies = (
				DBB95B9B24BE324C0039EF61 /* PBXTargetDependency */,
			);
			name = EarthDayThreeSixtyFiveUITests;
			productName = EarthDayThreeSixtyFiveUITests;
			productReference = DBB95B9924BE324C0039EF61 /* EarthDayThreeSixtyFiveUITests.xctest */;
			productType = "com.apple.product-type.bundle.ui-testing";
		};
/* End PBXNativeTarget section */

/* Begin PBXProject section */
		DBB95B6D24BE32440039EF61 /* Project object */ = {
			isa = PBXProject;
			attributes = {
				LastSwiftUpdateCheck = 1150;
				LastUpgradeCheck = 1150;
				ORGANIZATIONNAME = "Grace Ohlsen";
				TargetAttributes = {
					DBB95B7424BE32440039EF61 = {
						CreatedOnToolsVersion = 11.5;
					};
					DBB95B8D24BE324B0039EF61 = {
						CreatedOnToolsVersion = 11.5;
						TestTargetID = DBB95B7424BE32440039EF61;
					};
					DBB95B9824BE324C0039EF61 = {
						CreatedOnToolsVersion = 11.5;
						TestTargetID = DBB95B7424BE32440039EF61;
					};
				};
			};
			buildConfigurationList = DBB95B7024BE32440039EF61 /* Build configuration list for PBXProject "EarthDayThreeSixtyFive" */;
			compatibilityVersion = "Xcode 9.3";
			developmentRegion = en;
			hasScannedForEncodings = 0;
			knownRegions = (
				en,
				Base,
			);
			mainGroup = DBB95B6C24BE32440039EF61;
			productRefGroup = DBB95B7624BE32440039EF61 /* Products */;
			projectDirPath = "";
			projectRoot = "";
			targets = (
				DBB95B7424BE32440039EF61 /* EarthDayThreeSixtyFive */,
				DBB95B8D24BE324B0039EF61 /* EarthDayThreeSixtyFiveTests */,
				DBB95B9824BE324C0039EF61 /* EarthDayThreeSixtyFiveUITests */,
			);
		};
/* End PBXProject section */

/* Begin PBXResourcesBuildPhase section */
		DBB95B7324BE32440039EF61 /* Resources */ = {
			isa = PBXResourcesBuildPhase;
			buildActionMask = 2147483647;
			files = (
				DBB95B8824BE324B0039EF61 /* LaunchScreen.storyboard in Resources */,
				DBB95B8524BE324B0039EF61 /* Assets.xcassets in Resources */,
				DBB95B8024BE32440039EF61 /* Main.storyboard in Resources */,
			);
			runOnlyForDeploymentPostprocessing = 0;
		};
		DBB95B8C24BE324B0039EF61 /* Resources */ = {
			isa = PBXResourcesBuildPhase;
			buildActionMask = 2147483647;
			files = (
			);
			runOnlyForDeploymentPostprocessing = 0;
		};
		DBB95B9724BE324C0039EF61 /* Resources */ = {
			isa = PBXResourcesBuildPhase;
			buildActionMask = 2147483647;
			files = (
			);
			runOnlyForDeploymentPostprocessing = 0;
		};
/* End PBXResourcesBuildPhase section */

/* Begin PBXSourcesBuildPhase section */
		DBB95B7124BE32440039EF61 /* Sources */ = {
			isa = PBXSourcesBuildPhase;
			buildActionMask = 2147483647;
			files = (
				DBB95B8324BE32440039EF61 /* EarthDayThreeSixtyFive.xcdatamodeld in Sources */,
				DBB95B7D24BE32440039EF61 /* ViewController.swift in Sources */,
				DB0CA3A024BF639100C4A9B5 /* BadgesViewController.swift in Sources */,
				4D30DAAF24BE421A008B08EB /* colorScheme.swift in Sources */,
				DB262F7324BFB5B600F7305C /* TimerViewController.swift in Sources */,
				DBB95B7924BE32440039EF61 /* AppDelegate.swift in Sources */,
				DBD3710B24BFF4A00099D628 /* DeleteLater.swift in Sources */,
				DB89ACA024C0ADAE003C5EDD /* ReuseViewController.swift in Sources */,
				DBB95BAC24BE34EE0039EF61 /* secondViewController.swift in Sources */,
				4D6F8D9E24C0BEC8009C7409 /* FashionViewController.swift in Sources */,
				DBB95B7B24BE32440039EF61 /* SceneDelegate.swift in Sources */,
			);
			runOnlyForDeploymentPostprocessing = 0;
		};
		DBB95B8A24BE324B0039EF61 /* Sources */ = {
			isa = PBXSourcesBuildPhase;
			buildActionMask = 2147483647;
			files = (
				DBB95B9324BE324C0039EF61 /* EarthDayThreeSixtyFiveTests.swift in Sources */,
			);
			runOnlyForDeploymentPostprocessing = 0;
		};
		DBB95B9524BE324C0039EF61 /* Sources */ = {
			isa = PBXSourcesBuildPhase;
			buildActionMask = 2147483647;
			files = (
				DBB95B9E24BE324C0039EF61 /* EarthDayThreeSixtyFiveUITests.swift in Sources */,
			);
			runOnlyForDeploymentPostprocessing = 0;
		};
/* End PBXSourcesBuildPhase section */

/* Begin PBXTargetDependency section */
		DBB95B9024BE324C0039EF61 /* PBXTargetDependency */ = {
			isa = PBXTargetDependency;
			target = DBB95B7424BE32440039EF61 /* EarthDayThreeSixtyFive */;
			targetProxy = DBB95B8F24BE324C0039EF61 /* PBXContainerItemProxy */;
		};
		DBB95B9B24BE324C0039EF61 /* PBXTargetDependency */ = {
			isa = PBXTargetDependency;
			target = DBB95B7424BE32440039EF61 /* EarthDayThreeSixtyFive */;
			targetProxy = DBB95B9A24BE324C0039EF61 /* PBXContainerItemProxy */;
		};
/* End PBXTargetDependency section */

/* Begin PBXVariantGroup section */
		DBB95B7E24BE32440039EF61 /* Main.storyboard */ = {
			isa = PBXVariantGroup;
			children = (
				DBB95B7F24BE32440039EF61 /* Base */,
			);
			name = Main.storyboard;
			sourceTree = "<group>";
		};
		DBB95B8624BE324B0039EF61 /* LaunchScreen.storyboard */ = {
			isa = PBXVariantGroup;
			children = (
				DBB95B8724BE324B0039EF61 /* Base */,
			);
			name = LaunchScreen.storyboard;
			sourceTree = "<group>";
		};
/* End PBXVariantGroup section */

/* Begin XCBuildConfiguration section */
		DBB95BA024BE324C0039EF61 /* Debug */ = {
			isa = XCBuildConfiguration;
			buildSettings = {
				ALWAYS_SEARCH_USER_PATHS = NO;
				CLANG_ANALYZER_NONNULL = YES;
				CLANG_ANALYZER_NUMBER_OBJECT_CONVERSION = YES_AGGRESSIVE;
				CLANG_CXX_LANGUAGE_STANDARD = "gnu++14";
				CLANG_CXX_LIBRARY = "libc++";
				CLANG_ENABLE_MODULES = YES;
				CLANG_ENABLE_OBJC_ARC = YES;
				CLANG_ENABLE_OBJC_WEAK = YES;
				CLANG_WARN_BLOCK_CAPTURE_AUTORELEASING = YES;
				CLANG_WARN_BOOL_CONVERSION = YES;
				CLANG_WARN_COMMA = YES;
				CLANG_WARN_CONSTANT_CONVERSION = YES;
				CLANG_WARN_DEPRECATED_OBJC_IMPLEMENTATIONS = YES;
				CLANG_WARN_DIRECT_OBJC_ISA_USAGE = YES_ERROR;
				CLANG_WARN_DOCUMENTATION_COMMENTS = YES;
				CLANG_WARN_EMPTY_BODY = YES;
				CLANG_WARN_ENUM_CONVERSION = YES;
				CLANG_WARN_INFINITE_RECURSION = YES;
				CLANG_WARN_INT_CONVERSION = YES;
				CLANG_WARN_NON_LITERAL_NULL_CONVERSION = YES;
				CLANG_WARN_OBJC_IMPLICIT_RETAIN_SELF = YES;
				CLANG_WARN_OBJC_LITERAL_CONVERSION = YES;
				CLANG_WARN_OBJC_ROOT_CLASS = YES_ERROR;
				CLANG_WARN_RANGE_LOOP_ANALYSIS = YES;
				CLANG_WARN_STRICT_PROTOTYPES = YES;
				CLANG_WARN_SUSPICIOUS_MOVE = YES;
				CLANG_WARN_UNGUARDED_AVAILABILITY = YES_AGGRESSIVE;
				CLANG_WARN_UNREACHABLE_CODE = YES;
				CLANG_WARN__DUPLICATE_METHOD_MATCH = YES;
				COPY_PHASE_STRIP = NO;
				DEBUG_INFORMATION_FORMAT = dwarf;
				ENABLE_STRICT_OBJC_MSGSEND = YES;
				ENABLE_TESTABILITY = YES;
				GCC_C_LANGUAGE_STANDARD = gnu11;
				GCC_DYNAMIC_NO_PIC = NO;
				GCC_NO_COMMON_BLOCKS = YES;
				GCC_OPTIMIZATION_LEVEL = 0;
				GCC_PREPROCESSOR_DEFINITIONS = (
					"DEBUG=1",
					"$(inherited)",
				);
				GCC_WARN_64_TO_32_BIT_CONVERSION = YES;
				GCC_WARN_ABOUT_RETURN_TYPE = YES_ERROR;
				GCC_WARN_UNDECLARED_SELECTOR = YES;
				GCC_WARN_UNINITIALIZED_AUTOS = YES_AGGRESSIVE;
				GCC_WARN_UNUSED_FUNCTION = YES;
				GCC_WARN_UNUSED_VARIABLE = YES;
				IPHONEOS_DEPLOYMENT_TARGET = 13.5;
				MTL_ENABLE_DEBUG_INFO = INCLUDE_SOURCE;
				MTL_FAST_MATH = YES;
				ONLY_ACTIVE_ARCH = YES;
				SDKROOT = iphoneos;
				SWIFT_ACTIVE_COMPILATION_CONDITIONS = DEBUG;
				SWIFT_OPTIMIZATION_LEVEL = "-Onone";
			};
			name = Debug;
		};
		DBB95BA124BE324C0039EF61 /* Release */ = {
			isa = XCBuildConfiguration;
			buildSettings = {
				ALWAYS_SEARCH_USER_PATHS = NO;
				CLANG_ANALYZER_NONNULL = YES;
				CLANG_ANALYZER_NUMBER_OBJECT_CONVERSION = YES_AGGRESSIVE;
				CLANG_CXX_LANGUAGE_STANDARD = "gnu++14";
				CLANG_CXX_LIBRARY = "libc++";
				CLANG_ENABLE_MODULES = YES;
				CLANG_ENABLE_OBJC_ARC = YES;
				CLANG_ENABLE_OBJC_WEAK = YES;
				CLANG_WARN_BLOCK_CAPTURE_AUTORELEASING = YES;
				CLANG_WARN_BOOL_CONVERSION = YES;
				CLANG_WARN_COMMA = YES;
				CLANG_WARN_CONSTANT_CONVERSION = YES;
				CLANG_WARN_DEPRECATED_OBJC_IMPLEMENTATIONS = YES;
				CLANG_WARN_DIRECT_OBJC_ISA_USAGE = YES_ERROR;
				CLANG_WARN_DOCUMENTATION_COMMENTS = YES;
				CLANG_WARN_EMPTY_BODY = YES;
				CLANG_WARN_ENUM_CONVERSION = YES;
				CLANG_WARN_INFINITE_RECURSION = YES;
				CLANG_WARN_INT_CONVERSION = YES;
				CLANG_WARN_NON_LITERAL_NULL_CONVERSION = YES;
				CLANG_WARN_OBJC_IMPLICIT_RETAIN_SELF = YES;
				CLANG_WARN_OBJC_LITERAL_CONVERSION = YES;
				CLANG_WARN_OBJC_ROOT_CLASS = YES_ERROR;
				CLANG_WARN_RANGE_LOOP_ANALYSIS = YES;
				CLANG_WARN_STRICT_PROTOTYPES = YES;
				CLANG_WARN_SUSPICIOUS_MOVE = YES;
				CLANG_WARN_UNGUARDED_AVAILABILITY = YES_AGGRESSIVE;
				CLANG_WARN_UNREACHABLE_CODE = YES;
				CLANG_WARN__DUPLICATE_METHOD_MATCH = YES;
				COPY_PHASE_STRIP = NO;
				DEBUG_INFORMATION_FORMAT = "dwarf-with-dsym";
				ENABLE_NS_ASSERTIONS = NO;
				ENABLE_STRICT_OBJC_MSGSEND = YES;
				GCC_C_LANGUAGE_STANDARD = gnu11;
				GCC_NO_COMMON_BLOCKS = YES;
				GCC_WARN_64_TO_32_BIT_CONVERSION = YES;
				GCC_WARN_ABOUT_RETURN_TYPE = YES_ERROR;
				GCC_WARN_UNDECLARED_SELECTOR = YES;
				GCC_WARN_UNINITIALIZED_AUTOS = YES_AGGRESSIVE;
				GCC_WARN_UNUSED_FUNCTION = YES;
				GCC_WARN_UNUSED_VARIABLE = YES;
				IPHONEOS_DEPLOYMENT_TARGET = 13.5;
				MTL_ENABLE_DEBUG_INFO = NO;
				MTL_FAST_MATH = YES;
				SDKROOT = iphoneos;
				SWIFT_COMPILATION_MODE = wholemodule;
				SWIFT_OPTIMIZATION_LEVEL = "-O";
				VALIDATE_PRODUCT = YES;
			};
			name = Release;
		};
		DBB95BA324BE324C0039EF61 /* Debug */ = {
			isa = XCBuildConfiguration;
			buildSettings = {
				ASSETCATALOG_COMPILER_APPICON_NAME = AppIcon;
				CODE_SIGN_STYLE = Automatic;
				DEVELOPMENT_TEAM = "";
				INFOPLIST_FILE = EarthDayThreeSixtyFive/Info.plist;
				LD_RUNPATH_SEARCH_PATHS = (
					"$(inherited)",
					"@executable_path/Frameworks",
				);
				PRODUCT_BUNDLE_IDENTIFIER = "KWK-Scholar.EarthDayThreeSixtyFive";
				PRODUCT_NAME = EarthDay365;
				SWIFT_VERSION = 5.0;
				TARGETED_DEVICE_FAMILY = "1,2";
			};
			name = Debug;
		};
		DBB95BA424BE324C0039EF61 /* Release */ = {
			isa = XCBuildConfiguration;
			buildSettings = {
				ASSETCATALOG_COMPILER_APPICON_NAME = AppIcon;
				CODE_SIGN_STYLE = Automatic;
				DEVELOPMENT_TEAM = "";
				INFOPLIST_FILE = EarthDayThreeSixtyFive/Info.plist;
				LD_RUNPATH_SEARCH_PATHS = (
					"$(inherited)",
					"@executable_path/Frameworks",
				);
				PRODUCT_BUNDLE_IDENTIFIER = "KWK-Scholar.EarthDayThreeSixtyFive";
				PRODUCT_NAME = EarthDay365;
				SWIFT_VERSION = 5.0;
				TARGETED_DEVICE_FAMILY = "1,2";
			};
			name = Release;
		};
		DBB95BA624BE324C0039EF61 /* Debug */ = {
			isa = XCBuildConfiguration;
			buildSettings = {
				ALWAYS_EMBED_SWIFT_STANDARD_LIBRARIES = YES;
				BUNDLE_LOADER = "$(TEST_HOST)";
				CODE_SIGN_STYLE = Automatic;
				DEVELOPMENT_TEAM = X5M35AL82A;
				INFOPLIST_FILE = EarthDayThreeSixtyFiveTests/Info.plist;
				IPHONEOS_DEPLOYMENT_TARGET = 13.5;
				LD_RUNPATH_SEARCH_PATHS = (
					"$(inherited)",
					"@executable_path/Frameworks",
					"@loader_path/Frameworks",
				);
				PRODUCT_BUNDLE_IDENTIFIER = "KWK-Scholar.EarthDayThreeSixtyFiveTests";
				PRODUCT_NAME = "$(TARGET_NAME)";
				SWIFT_VERSION = 5.0;
				TARGETED_DEVICE_FAMILY = "1,2";
				TEST_HOST = "$(BUILT_PRODUCTS_DIR)/EarthDayThreeSixtyFive.app/EarthDayThreeSixtyFive";
			};
			name = Debug;
		};
		DBB95BA724BE324C0039EF61 /* Release */ = {
			isa = XCBuildConfiguration;
			buildSettings = {
				ALWAYS_EMBED_SWIFT_STANDARD_LIBRARIES = YES;
				BUNDLE_LOADER = "$(TEST_HOST)";
				CODE_SIGN_STYLE = Automatic;
				DEVELOPMENT_TEAM = X5M35AL82A;
				INFOPLIST_FILE = EarthDayThreeSixtyFiveTests/Info.plist;
				IPHONEOS_DEPLOYMENT_TARGET = 13.5;
				LD_RUNPATH_SEARCH_PATHS = (
					"$(inherited)",
					"@executable_path/Frameworks",
					"@loader_path/Frameworks",
				);
				PRODUCT_BUNDLE_IDENTIFIER = "KWK-Scholar.EarthDayThreeSixtyFiveTests";
				PRODUCT_NAME = "$(TARGET_NAME)";
				SWIFT_VERSION = 5.0;
				TARGETED_DEVICE_FAMILY = "1,2";
				TEST_HOST = "$(BUILT_PRODUCTS_DIR)/EarthDayThreeSixtyFive.app/EarthDayThreeSixtyFive";
			};
			name = Release;
		};
		DBB95BA924BE324C0039EF61 /* Debug */ = {
			isa = XCBuildConfiguration;
			buildSettings = {
				ALWAYS_EMBED_SWIFT_STANDARD_LIBRARIES = YES;
				CODE_SIGN_STYLE = Automatic;
				DEVELOPMENT_TEAM = X5M35AL82A;
				INFOPLIST_FILE = EarthDayThreeSixtyFiveUITests/Info.plist;
				LD_RUNPATH_SEARCH_PATHS = (
					"$(inherited)",
					"@executable_path/Frameworks",
					"@loader_path/Frameworks",
				);
				PRODUCT_BUNDLE_IDENTIFIER = "KWK-Scholar.EarthDayThreeSixtyFiveUITests";
				PRODUCT_NAME = "$(TARGET_NAME)";
				SWIFT_VERSION = 5.0;
				TARGETED_DEVICE_FAMILY = "1,2";
				TEST_TARGET_NAME = EarthDayThreeSixtyFive;
			};
			name = Debug;
		};
		DBB95BAA24BE324C0039EF61 /* Release */ = {
			isa = XCBuildConfiguration;
			buildSettings = {
				ALWAYS_EMBED_SWIFT_STANDARD_LIBRARIES = YES;
				CODE_SIGN_STYLE = Automatic;
				DEVELOPMENT_TEAM = X5M35AL82A;
				INFOPLIST_FILE = EarthDayThreeSixtyFiveUITests/Info.plist;
				LD_RUNPATH_SEARCH_PATHS = (
					"$(inherited)",
					"@executable_path/Frameworks",
					"@loader_path/Frameworks",
				);
				PRODUCT_BUNDLE_IDENTIFIER = "KWK-Scholar.EarthDayThreeSixtyFiveUITests";
				PRODUCT_NAME = "$(TARGET_NAME)";
				SWIFT_VERSION = 5.0;
				TARGETED_DEVICE_FAMILY = "1,2";
				TEST_TARGET_NAME = EarthDayThreeSixtyFive;
			};
			name = Release;
		};
/* End XCBuildConfiguration section */

/* Begin XCConfigurationList section */
		DBB95B7024BE32440039EF61 /* Build configuration list for PBXProject "EarthDayThreeSixtyFive" */ = {
			isa = XCConfigurationList;
			buildConfigurations = (
				DBB95BA024BE324C0039EF61 /* Debug */,
				DBB95BA124BE324C0039EF61 /* Release */,
			);
			defaultConfigurationIsVisible = 0;
			defaultConfigurationName = Release;
		};
		DBB95BA224BE324C0039EF61 /* Build configuration list for PBXNativeTarget "EarthDayThreeSixtyFive" */ = {
			isa = XCConfigurationList;
			buildConfigurations = (
				DBB95BA324BE324C0039EF61 /* Debug */,
				DBB95BA424BE324C0039EF61 /* Release */,
			);
			defaultConfigurationIsVisible = 0;
			defaultConfigurationName = Release;
		};
		DBB95BA524BE324C0039EF61 /* Build configuration list for PBXNativeTarget "EarthDayThreeSixtyFiveTests" */ = {
			isa = XCConfigurationList;
			buildConfigurations = (
				DBB95BA624BE324C0039EF61 /* Debug */,
				DBB95BA724BE324C0039EF61 /* Release */,
			);
			defaultConfigurationIsVisible = 0;
			defaultConfigurationName = Release;
		};
		DBB95BA824BE324C0039EF61 /* Build configuration list for PBXNativeTarget "EarthDayThreeSixtyFiveUITests" */ = {
			isa = XCConfigurationList;
			buildConfigurations = (
				DBB95BA924BE324C0039EF61 /* Debug */,
				DBB95BAA24BE324C0039EF61 /* Release */,
			);
			defaultConfigurationIsVisible = 0;
			defaultConfigurationName = Release;
		};
/* End XCConfigurationList section */

/* Begin XCVersionGroup section */
		DBB95B8124BE32440039EF61 /* EarthDayThreeSixtyFive.xcdatamodeld */ = {
			isa = XCVersionGroup;
			children = (
				DBB95B8224BE32440039EF61 /* EarthDayThreeSixtyFive.xcdatamodel */,
			);
			currentVersion = DBB95B8224BE32440039EF61 /* EarthDayThreeSixtyFive.xcdatamodel */;
			path = EarthDayThreeSixtyFive.xcdatamodeld;
			sourceTree = "<group>";
			versionGroupType = wrapper.xcdatamodel;
		};
/* End XCVersionGroup section */
	};
	rootObject = DBB95B6D24BE32440039EF61 /* Project object */;
}
